
Microsoft Visual Studio Solution File, Format Version 12.00
# Visual Studio Version 17
VisualStudioVersion = 17.5.2.0
MinimumVisualStudioVersion = 10.0.40219.1
Project("{FAE04EC0-301F-11D3-BF4B-00C04F79EFBC}") = "SupermarktAppTests", "SupermarktAppTests\SupermarktAppTests.csproj", "{DBAB3C6B-A4E3-4B71-B6C8-FE138D70D578}"
EndProject
Project("{FAE04EC0-301F-11D3-BF4B-00C04F79EFBC}") = "SupermarktApp", "SupermarktApp\SupermarktApp.csproj", "{FA76A5E5-61CF-40CD-A47F-7087F5A90614}"
EndProject
Global
	GlobalSection(SolutionConfigurationPlatforms) = preSolution
		Debug|Any CPU = Debug|Any CPU
		Debug|x64 = Debug|x64
		Debug|x86 = Debug|x86
		Release|Any CPU = Release|Any CPU
		Release|x64 = Release|x64
		Release|x86 = Release|x86
	EndGlobalSection
	GlobalSection(ProjectConfigurationPlatforms) = postSolution
		{DBAB3C6B-A4E3-4B71-B6C8-FE138D70D578}.Debug|Any CPU.ActiveCfg = Debug|Any CPU
		{DBAB3C6B-A4E3-4B71-B6C8-FE138D70D578}.Debug|Any CPU.Build.0 = Debug|Any CPU
		{DBAB3C6B-A4E3-4B71-B6C8-FE138D70D578}.Debug|x64.ActiveCfg = Debug|Any CPU
		{DBAB3C6B-A4E3-4B71-B6C8-FE138D70D578}.Debug|x64.Build.0 = Debug|Any CPU
		{DBAB3C6B-A4E3-4B71-B6C8-FE138D70D578}.Debug|x86.ActiveCfg = Debug|Any CPU
		{DBAB3C6B-A4E3-4B71-B6C8-FE138D70D578}.Debug|x86.Build.0 = Debug|Any CPU
		{DBAB3C6B-A4E3-4B71-B6C8-FE138D70D578}.Release|Any CPU.ActiveCfg = Release|Any CPU
		{DBAB3C6B-A4E3-4B71-B6C8-FE138D70D578}.Release|Any CPU.Build.0 = Release|Any CPU
		{DBAB3C6B-A4E3-4B71-B6C8-FE138D70D578}.Release|x64.ActiveCfg = Release|Any CPU
		{DBAB3C6B-A4E3-4B71-B6C8-FE138D70D578}.Release|x64.Build.0 = Release|Any CPU
		{DBAB3C6B-A4E3-4B71-B6C8-FE138D70D578}.Release|x86.ActiveCfg = Release|Any CPU
		{DBAB3C6B-A4E3-4B71-B6C8-FE138D70D578}.Release|x86.Build.0 = Release|Any CPU
		{FA76A5E5-61CF-40CD-A47F-7087F5A90614}.Debug|Any CPU.ActiveCfg = Debug|Any CPU
		{FA76A5E5-61CF-40CD-A47F-7087F5A90614}.Debug|Any CPU.Build.0 = Debug|Any CPU
		{FA76A5E5-61CF-40CD-A47F-7087F5A90614}.Debug|x64.ActiveCfg = Debug|Any CPU
		{FA76A5E5-61CF-40CD-A47F-7087F5A90614}.Debug|x64.Build.0 = Debug|Any CPU
		{FA76A5E5-61CF-40CD-A47F-7087F5A90614}.Debug|x86.ActiveCfg = Debug|Any CPU
		{FA76A5E5-61CF-40CD-A47F-7087F5A90614}.Debug|x86.Build.0 = Debug|Any CPU
		{FA76A5E5-61CF-40CD-A47F-7087F5A90614}.Release|Any CPU.ActiveCfg = Release|Any CPU
		{FA76A5E5-61CF-40CD-A47F-7087F5A90614}.Release|Any CPU.Build.0 = Release|Any CPU
		{FA76A5E5-61CF-40CD-A47F-7087F5A90614}.Release|x64.ActiveCfg = Release|Any CPU
		{FA76A5E5-61CF-40CD-A47F-7087F5A90614}.Release|x64.Build.0 = Release|Any CPU
		{FA76A5E5-61CF-40CD-A47F-7087F5A90614}.Release|x86.ActiveCfg = Release|Any CPU
		{FA76A5E5-61CF-40CD-A47F-7087F5A90614}.Release|x86.Build.0 = Release|Any CPU
	EndGlobalSection
	GlobalSection(SolutionProperties) = preSolution
		HideSolutionNode = FALSE
	EndGlobalSection
	GlobalSection(ExtensibilityGlobals) = postSolution
		SolutionGuid = {2234240F-990B-4A24-B9B7-9114C854D8CA}
	EndGlobalSection
EndGlobal
